// !$*UTF8*$!
{
	archiveVersion = 1;
	classes = {
	};
	objectVersion = 70;
	objects = {

/* Begin PBXBuildFile section */
		B61CFB1E2BAED9B70031FFF3 /* black.jpg in Resources */ = {isa = PBXBuildFile; fileRef = B61CFB1D2BAED9B70031FFF3 /* black.jpg */; };
		B64DC25A28460B0D0063B8CF /* ScreenZApp.swift in Sources */ = {isa = PBXBuildFile; fileRef = B64DC25928460B0D0063B8CF /* ScreenZApp.swift */; };
		B64DC25C28460B0D0063B8CF /* ContentView.swift in Sources */ = {isa = PBXBuildFile; fileRef = B64DC25B28460B0D0063B8CF /* ContentView.swift */; };
		B64DC25E28460B0D0063B8CF /* Assets.xcassets in Resources */ = {isa = PBXBuildFile; fileRef = B64DC25D28460B0D0063B8CF /* Assets.xcassets */; };
		B64DC26128460B0D0063B8CF /* Preview Assets.xcassets in Resources */ = {isa = PBXBuildFile; fileRef = B64DC26028460B0D0063B8CF /* Preview Assets.xcassets */; };
		B64DC26F284625BA0063B8CF /* demo.png in Resources */ = {isa = PBXBuildFile; fileRef = B64DC26E284625BA0063B8CF /* demo.png */; };
		B64DC27728464FB80063B8CF /* demo.mp4 in Resources */ = {isa = PBXBuildFile; fileRef = B64DC270284625BF0063B8CF /* demo.mp4 */; };
		B64DC2AD284897AC0063B8CF /* Localizable.strings in Resources */ = {isa = PBXBuildFile; fileRef = B64DC2AF284897AC0063B8CF /* Localizable.strings */; };
		B6D2437E2D14607200267EC4 /* UserDefaults+Helper.swift in Sources */ = {isa = PBXBuildFile; fileRef = B6D2437D2D14607200267EC4 /* UserDefaults+Helper.swift */; };
		B6D243B52D1477C100267EC4 /* SettingsView.swift in Sources */ = {isa = PBXBuildFile; fileRef = B64DC27A284673EA0063B8CF /* SettingsView.swift */; };
		B6D243B62D1477C600267EC4 /* AddThemeView.swift in Sources */ = {isa = PBXBuildFile; fileRef = B64DC27328464B920063B8CF /* AddThemeView.swift */; };
		B6D243B72D1477CC00267EC4 /* AllThemeView.swift in Sources */ = {isa = PBXBuildFile; fileRef = B64DC2782846738E0063B8CF /* AllThemeView.swift */; };
/* End PBXBuildFile section */

/* Begin PBXFileReference section */
		B61CFB1D2BAED9B70031FFF3 /* black.jpg */ = {isa = PBXFileReference; lastKnownFileType = image.jpeg; path = black.jpg; sourceTree = "<group>"; };
		B64DC25628460B0D0063B8CF /* ScreenZ.app */ = {isa = PBXFileReference; explicitFileType = wrapper.application; includeInIndex = 0; path = ScreenZ.app; sourceTree = BUILT_PRODUCTS_DIR; };
		B64DC25928460B0D0063B8CF /* ScreenZApp.swift */ = {isa = PBXFileReference; lastKnownFileType = sourcecode.swift; path = ScreenZApp.swift; sourceTree = "<group>"; };
		B64DC25B28460B0D0063B8CF /* ContentView.swift */ = {isa = PBXFileReference; lastKnownFileType = sourcecode.swift; path = ContentView.swift; sourceTree = "<group>"; };
		B64DC25D28460B0D0063B8CF /* Assets.xcassets */ = {isa = PBXFileReference; lastKnownFileType = folder.assetcatalog; path = Assets.xcassets; sourceTree = "<group>"; };
		B64DC26028460B0D0063B8CF /* Preview Assets.xcassets */ = {isa = PBXFileReference; lastKnownFileType = folder.assetcatalog; path = "Preview Assets.xcassets"; sourceTree = "<group>"; };
		B64DC26728460B0D0063B8CF /* ScreenZ.entitlements */ = {isa = PBXFileReference; lastKnownFileType = text.plist.entitlements; path = ScreenZ.entitlements; sourceTree = "<group>"; };
		B64DC26D2846199B0063B8CF /* Info.plist */ = {isa = PBXFileReference; lastKnownFileType = text.plist; path = Info.plist; sourceTree = "<group>"; };
		B64DC26E284625BA0063B8CF /* demo.png */ = {isa = PBXFileReference; lastKnownFileType = image.png; path = demo.png; sourceTree = "<group>"; };
		B64DC270284625BF0063B8CF /* demo.mp4 */ = {isa = PBXFileReference; lastKnownFileType = file; path = demo.mp4; sourceTree = "<group>"; };
		B64DC27328464B920063B8CF /* AddThemeView.swift */ = {isa = PBXFileReference; lastKnownFileType = sourcecode.swift; path = AddThemeView.swift; sourceTree = "<group>"; };
		B64DC2782846738E0063B8CF /* AllThemeView.swift */ = {isa = PBXFileReference; lastKnownFileType = sourcecode.swift; path = AllThemeView.swift; sourceTree = "<group>"; };
		B64DC27A284673EA0063B8CF /* SettingsView.swift */ = {isa = PBXFileReference; lastKnownFileType = sourcecode.swift; path = SettingsView.swift; sourceTree = "<group>"; };
		B64DC2AE284897AC0063B8CF /* en */ = {isa = PBXFileReference; lastKnownFileType = text.plist.strings; name = en; path = en.lproj/Localizable.strings; sourceTree = "<group>"; };
		B64DC2B02848982A0063B8CF /* zh-Hans */ = {isa = PBXFileReference; lastKnownFileType = text.plist.strings; name = "zh-Hans"; path = "zh-Hans.lproj/Localizable.strings"; sourceTree = "<group>"; };
		B6D2437D2D14607200267EC4 /* UserDefaults+Helper.swift */ = {isa = PBXFileReference; lastKnownFileType = sourcecode.swift; path = "UserDefaults+Helper.swift"; sourceTree = "<group>"; };
/* End PBXFileReference section */

/* Begin PBXFileSystemSynchronizedRootGroup section */
		B6D2437F2D1462D600267EC4 /* Model */ = {isa = PBXFileSystemSynchronizedRootGroup; explicitFileTypes = {}; explicitFolders = (); path = Model; sourceTree = "<group>"; };
/* End PBXFileSystemSynchronizedRootGroup section */

/* Begin PBXFrameworksBuildPhase section */
		B64DC25328460B0D0063B8CF /* Frameworks */ = {
			isa = PBXFrameworksBuildPhase;
			buildActionMask = 2147483647;
			files = (
			);
			runOnlyForDeploymentPostprocessing = 0;
		};
/* End PBXFrameworksBuildPhase section */

/* Begin PBXGroup section */
		B64DC24D28460B0D0063B8CF = {
			isa = PBXGroup;
			children = (
				B64DC25828460B0D0063B8CF /* ScreenZ */,
				B64DC25728460B0D0063B8CF /* Products */,
			);
			sourceTree = "<group>";
		};
		B64DC25728460B0D0063B8CF /* Products */ = {
			isa = PBXGroup;
			children = (
				B64DC25628460B0D0063B8CF /* ScreenZ.app */,
			);
			name = Products;
			sourceTree = "<group>";
		};
		B64DC25828460B0D0063B8CF /* ScreenZ */ = {
			isa = PBXGroup;
			children = (
				B6D2437F2D1462D600267EC4 /* Model */,
				B61CFB1D2BAED9B70031FFF3 /* black.jpg */,
				B64DC2AF284897AC0063B8CF /* Localizable.strings */,
				B64DC26D2846199B0063B8CF /* Info.plist */,
				B64DC25928460B0D0063B8CF /* ScreenZApp.swift */,
				B64DC25B28460B0D0063B8CF /* ContentView.swift */,
				B64DC25D28460B0D0063B8CF /* Assets.xcassets */,
				B64DC26728460B0D0063B8CF /* ScreenZ.entitlements */,
				B64DC270284625BF0063B8CF /* demo.mp4 */,
				B64DC26E284625BA0063B8CF /* demo.png */,
				B64DC25F28460B0D0063B8CF /* Preview Content */,
				B64DC27328464B920063B8CF /* AddThemeView.swift */,
				B64DC2782846738E0063B8CF /* AllThemeView.swift */,
				B64DC27A284673EA0063B8CF /* SettingsView.swift */,
				B6D2437D2D14607200267EC4 /* UserDefaults+Helper.swift */,
			);
			path = ScreenZ;
			sourceTree = "<group>";
		};
		B64DC25F28460B0D0063B8CF /* Preview Content */ = {
			isa = PBXGroup;
			children = (
				B64DC26028460B0D0063B8CF /* Preview Assets.xcassets */,
			);
			path = "Preview Content";
			sourceTree = "<group>";
		};
/* End PBXGroup section */

/* Begin PBXNativeTarget section */
		B64DC25528460B0D0063B8CF /* ScreenZ */ = {
			isa = PBXNativeTarget;
			buildConfigurationList = B64DC26A28460B0D0063B8CF /* Build configuration list for PBXNativeTarget "ScreenZ" */;
			buildPhases = (
				B64DC25228460B0D0063B8CF /* Sources */,
				B64DC25328460B0D0063B8CF /* Frameworks */,
				B64DC25428460B0D0063B8CF /* Resources */,
			);
			buildRules = (
			);
			dependencies = (
			);
			fileSystemSynchronizedGroups = (
				B6D2437F2D1462D600267EC4 /* Model */,
			);
			name = ScreenZ;
			productName = ScreenZ;
			productReference = B64DC25628460B0D0063B8CF /* ScreenZ.app */;
			productType = "com.apple.product-type.application";
		};
/* End PBXNativeTarget section */

/* Begin PBXProject section */
		B64DC24E28460B0D0063B8CF /* Project object */ = {
			isa = PBXProject;
			attributes = {
				BuildIndependentTargetsInParallel = 1;
				LastSwiftUpdateCheck = 1340;
				LastUpgradeCheck = 1340;
				TargetAttributes = {
					B64DC25528460B0D0063B8CF = {
						CreatedOnToolsVersion = 13.4;
					};
				};
			};
			buildConfigurationList = B64DC25128460B0D0063B8CF /* Build configuration list for PBXProject "ScreenZ" */;
			compatibilityVersion = "Xcode 13.0";
			developmentRegion = en;
			hasScannedForEncodings = 0;
			knownRegions = (
				en,
				Base,
				"zh-Hans",
			);
			mainGroup = B64DC24D28460B0D0063B8CF;
			productRefGroup = B64DC25728460B0D0063B8CF /* Products */;
			projectDirPath = "";
			projectRoot = "";
			targets = (
				B64DC25528460B0D0063B8CF /* ScreenZ */,
			);
		};
/* End PBXProject section */

/* Begin PBXResourcesBuildPhase section */
		B64DC25428460B0D0063B8CF /* Resources */ = {
			isa = PBXResourcesBuildPhase;
			buildActionMask = 2147483647;
			files = (
				B64DC2AD284897AC0063B8CF /* Localizable.strings in Resources */,
				B64DC27728464FB80063B8CF /* demo.mp4 in Resources */,
				B64DC26128460B0D0063B8CF /* Preview Assets.xcassets in Resources */,
				B64DC25E28460B0D0063B8CF /* Assets.xcassets in Resources */,
				B64DC26F284625BA0063B8CF /* demo.png in Resources */,
				B61CFB1E2BAED9B70031FFF3 /* black.jpg in Resources */,
			);
			runOnlyForDeploymentPostprocessing = 0;
		};
/* End PBXResourcesBuildPhase section */

/* Begin PBXSourcesBuildPhase section */
		B64DC25228460B0D0063B8CF /* Sources */ = {
			isa = PBXSourcesBuildPhase;
			buildActionMask = 2147483647;
			files = (
				B6D2437E2D14607200267EC4 /* UserDefaults+Helper.swift in Sources */,
				B6D243B52D1477C100267EC4 /* SettingsView.swift in Sources */,
				B6D243B72D1477CC00267EC4 /* AllThemeView.swift in Sources */,
				B64DC25C28460B0D0063B8CF /* ContentView.swift in Sources */,
				B6D243B62D1477C600267EC4 /* AddThemeView.swift in Sources */,
				B64DC25A28460B0D0063B8CF /* ScreenZApp.swift in Sources */,
			);
			runOnlyForDeploymentPostprocessing = 0;
		};
/* End PBXSourcesBuildPhase section */

/* Begin PBXVariantGroup section */
		B64DC2AF284897AC0063B8CF /* Localizable.strings */ = {
			isa = PBXVariantGroup;
			children = (
				B64DC2AE284897AC0063B8CF /* en */,
				B64DC2B02848982A0063B8CF /* zh-Hans */,
			);
			name = Localizable.strings;
			sourceTree = "<group>";
		};
/* End PBXVariantGroup section */

/* Begin XCBuildConfiguration section */
		B64DC26828460B0D0063B8CF /* Debug */ = {
			isa = XCBuildConfiguration;
			buildSettings = {
				ALWAYS_SEARCH_USER_PATHS = NO;
				CLANG_ANALYZER_LOCALIZABILITY_NONLOCALIZED = YES;
				CLANG_ANALYZER_NONNULL = YES;
				CLANG_ANALYZER_NUMBER_OBJECT_CONVERSION = YES_AGGRESSIVE;
				CLANG_CXX_LANGUAGE_STANDARD = "gnu++17";
				CLANG_ENABLE_MODULES = YES;
				CLANG_ENABLE_OBJC_ARC = YES;
				CLANG_ENABLE_OBJC_WEAK = YES;
				CLANG_WARN_BLOCK_CAPTURE_AUTORELEASING = YES;
				CLANG_WARN_BOOL_CONVERSION = YES;
				CLANG_WARN_COMMA = YES;
				CLANG_WARN_CONSTANT_CONVERSION = YES;
				CLANG_WARN_DEPRECATED_OBJC_IMPLEMENTATIONS = YES;
				CLANG_WARN_DIRECT_OBJC_ISA_USAGE = YES_ERROR;
				CLANG_WARN_DOCUMENTATION_COMMENTS = YES;
				CLANG_WARN_EMPTY_BODY = YES;
				CLANG_WARN_ENUM_CONVERSION = YES;
				CLANG_WARN_INFINITE_RECURSION = YES;
				CLANG_WARN_INT_CONVERSION = YES;
				CLANG_WARN_NON_LITERAL_NULL_CONVERSION = YES;
				CLANG_WARN_OBJC_IMPLICIT_RETAIN_SELF = YES;
				CLANG_WARN_OBJC_LITERAL_CONVERSION = YES;
				CLANG_WARN_OBJC_ROOT_CLASS = YES_ERROR;
				CLANG_WARN_QUOTED_INCLUDE_IN_FRAMEWORK_HEADER = YES;
				CLANG_WARN_RANGE_LOOP_ANALYSIS = YES;
				CLANG_WARN_STRICT_PROTOTYPES = YES;
				CLANG_WARN_SUSPICIOUS_MOVE = YES;
				CLANG_WARN_UNGUARDED_AVAILABILITY = YES_AGGRESSIVE;
				CLANG_WARN_UNREACHABLE_CODE = YES;
				CLANG_WARN__DUPLICATE_METHOD_MATCH = YES;
				COPY_PHASE_STRIP = NO;
				DEBUG_INFORMATION_FORMAT = dwarf;
				ENABLE_STRICT_OBJC_MSGSEND = YES;
				ENABLE_TESTABILITY = YES;
				GCC_C_LANGUAGE_STANDARD = gnu11;
				GCC_DYNAMIC_NO_PIC = NO;
				GCC_NO_COMMON_BLOCKS = YES;
				GCC_OPTIMIZATION_LEVEL = 0;
				GCC_PREPROCESSOR_DEFINITIONS = (
					"DEBUG=1",
					"$(inherited)",
				);
				GCC_WARN_64_TO_32_BIT_CONVERSION = YES;
				GCC_WARN_ABOUT_RETURN_TYPE = YES_ERROR;
				GCC_WARN_UNDECLARED_SELECTOR = YES;
				GCC_WARN_UNINITIALIZED_AUTOS = YES_AGGRESSIVE;
				GCC_WARN_UNUSED_FUNCTION = YES;
				GCC_WARN_UNUSED_VARIABLE = YES;
				MACOSX_DEPLOYMENT_TARGET = 14.4;
				MTL_ENABLE_DEBUG_INFO = INCLUDE_SOURCE;
				MTL_FAST_MATH = YES;
				ONLY_ACTIVE_ARCH = YES;
				SDKROOT = macosx;
				SWIFT_ACTIVE_COMPILATION_CONDITIONS = DEBUG;
				SWIFT_OPTIMIZATION_LEVEL = "-Onone";
			};
			name = Debug;
		};
		B64DC26928460B0D0063B8CF /* Release */ = {
			isa = XCBuildConfiguration;
			buildSettings = {
				ALWAYS_SEARCH_USER_PATHS = NO;
				CLANG_ANALYZER_LOCALIZABILITY_NONLOCALIZED = YES;
				CLANG_ANALYZER_NONNULL = YES;
				CLANG_ANALYZER_NUMBER_OBJECT_CONVERSION = YES_AGGRESSIVE;
				CLANG_CXX_LANGUAGE_STANDARD = "gnu++17";
				CLANG_ENABLE_MODULES = YES;
				CLANG_ENABLE_OBJC_ARC = YES;
				CLANG_ENABLE_OBJC_WEAK = YES;
				CLANG_WARN_BLOCK_CAPTURE_AUTORELEASING = YES;
				CLANG_WARN_BOOL_CONVERSION = YES;
				CLANG_WARN_COMMA = YES;
				CLANG_WARN_CONSTANT_CONVERSION = YES;
				CLANG_WARN_DEPRECATED_OBJC_IMPLEMENTATIONS = YES;
				CLANG_WARN_DIRECT_OBJC_ISA_USAGE = YES_ERROR;
				CLANG_WARN_DOCUMENTATION_COMMENTS = YES;
				CLANG_WARN_EMPTY_BODY = YES;
				CLANG_WARN_ENUM_CONVERSION = YES;
				CLANG_WARN_INFINITE_RECURSION = YES;
				CLANG_WARN_INT_CONVERSION = YES;
				CLANG_WARN_NON_LITERAL_NULL_CONVERSION = YES;
				CLANG_WARN_OBJC_IMPLICIT_RETAIN_SELF = YES;
				CLANG_WARN_OBJC_LITERAL_CONVERSION = YES;
				CLANG_WARN_OBJC_ROOT_CLASS = YES_ERROR;
				CLANG_WARN_QUOTED_INCLUDE_IN_FRAMEWORK_HEADER = YES;
				CLANG_WARN_RANGE_LOOP_ANALYSIS = YES;
				CLANG_WARN_STRICT_PROTOTYPES = YES;
				CLANG_WARN_SUSPICIOUS_MOVE = YES;
				CLANG_WARN_UNGUARDED_AVAILABILITY = YES_AGGRESSIVE;
				CLANG_WARN_UNREACHABLE_CODE = YES;
				CLANG_WARN__DUPLICATE_METHOD_MATCH = YES;
				COPY_PHASE_STRIP = NO;
				DEBUG_INFORMATION_FORMAT = "dwarf-with-dsym";
				ENABLE_NS_ASSERTIONS = NO;
				ENABLE_STRICT_OBJC_MSGSEND = YES;
				GCC_C_LANGUAGE_STANDARD = gnu11;
				GCC_NO_COMMON_BLOCKS = YES;
				GCC_WARN_64_TO_32_BIT_CONVERSION = YES;
				GCC_WARN_ABOUT_RETURN_TYPE = YES_ERROR;
				GCC_WARN_UNDECLARED_SELECTOR = YES;
				GCC_WARN_UNINITIALIZED_AUTOS = YES_AGGRESSIVE;
				GCC_WARN_UNUSED_FUNCTION = YES;
				GCC_WARN_UNUSED_VARIABLE = YES;
				MACOSX_DEPLOYMENT_TARGET = 14.4;
				MTL_ENABLE_DEBUG_INFO = NO;
				MTL_FAST_MATH = YES;
				SDKROOT = macosx;
				SWIFT_COMPILATION_MODE = wholemodule;
				SWIFT_OPTIMIZATION_LEVEL = "-O";
			};
			name = Release;
		};
		B64DC26B28460B0D0063B8CF /* Debug */ = {
			isa = XCBuildConfiguration;
			buildSettings = {
				ASSETCATALOG_COMPILER_APPICON_NAME = AppIcon;
				ASSETCATALOG_COMPILER_GLOBAL_ACCENT_COLOR_NAME = AccentColor;
				CODE_SIGN_ENTITLEMENTS = ScreenZ/ScreenZ.entitlements;
				CODE_SIGN_STYLE = Automatic;
				COMBINE_HIDPI_IMAGES = YES;
				CURRENT_PROJECT_VERSION = 20241229;
				DEVELOPMENT_ASSET_PATHS = "\"ScreenZ/Preview Content\"";
				DEVELOPMENT_TEAM = QZ389N5Q44;
				ENABLE_HARDENED_RUNTIME = YES;
				ENABLE_PREVIEWS = YES;
				GENERATE_INFOPLIST_FILE = YES;
				INFOPLIST_FILE = ScreenZ/Info.plist;
				INFOPLIST_KEY_NSHumanReadableCopyright = "";
				LD_RUNPATH_SEARCH_PATHS = (
					"$(inherited)",
					"@executable_path/../Frameworks",
				);
				MACOSX_DEPLOYMENT_TARGET = 15.0;
				MARKETING_VERSION = 1.5;
				PRODUCT_BUNDLE_IDENTIFIER = com.celeglow.ScreenZ;
				PRODUCT_NAME = "$(TARGET_NAME)";
				SWIFT_EMIT_LOC_STRINGS = YES;
				SWIFT_VERSION = 5.0;
			};
			name = Debug;
		};
		B64DC26C28460B0D0063B8CF /* Release */ = {
			isa = XCBuildConfiguration;
			buildSettings = {
				ASSETCATALOG_COMPILER_APPICON_NAME = AppIcon;
				ASSETCATALOG_COMPILER_GLOBAL_ACCENT_COLOR_NAME = AccentColor;
				CODE_SIGN_ENTITLEMENTS = ScreenZ/ScreenZ.entitlements;
				CODE_SIGN_STYLE = Automatic;
				COMBINE_HIDPI_IMAGES = YES;
				CURRENT_PROJECT_VERSION = 20241229;
				DEVELOPMENT_ASSET_PATHS = "\"ScreenZ/Preview Content\"";
				DEVELOPMENT_TEAM = QZ389N5Q44;
				ENABLE_HARDENED_RUNTIME = YES;
				ENABLE_PREVIEWS = YES;
				GENERATE_INFOPLIST_FILE = YES;
				INFOPLIST_FILE = ScreenZ/Info.plist;
				INFOPLIST_KEY_NSHumanReadableCopyright = "";
				LD_RUNPATH_SEARCH_PATHS = (
					"$(inherited)",
					"@executable_path/../Frameworks",
				);
				MACOSX_DEPLOYMENT_TARGET = 15.0;
				MARKETING_VERSION = 1.5;
				PRODUCT_BUNDLE_IDENTIFIER = com.celeglow.ScreenZ;
				PRODUCT_NAME = "$(TARGET_NAME)";
				SWIFT_EMIT_LOC_STRINGS = YES;
				SWIFT_VERSION = 5.0;
			};
			name = Release;
		};
/* End XCBuildConfiguration section */

/* Begin XCConfigurationList section */
		B64DC25128460B0D0063B8CF /* Build configuration list for PBXProject "ScreenZ" */ = {
			isa = XCConfigurationList;
			buildConfigurations = (
				B64DC26828460B0D0063B8CF /* Debug */,
				B64DC26928460B0D0063B8CF /* Release */,
			);
			defaultConfigurationIsVisible = 0;
			defaultConfigurationName = Release;
		};
		B64DC26A28460B0D0063B8CF /* Build configuration list for PBXNativeTarget "ScreenZ" */ = {
			isa = XCConfigurationList;
			buildConfigurations = (
				B64DC26B28460B0D0063B8CF /* Debug */,
				B64DC26C28460B0D0063B8CF /* Release */,
			);
			defaultConfigurationIsVisible = 0;
			defaultConfigurationName = Release;
		};
/* End XCConfigurationList section */
	};
	rootObject = B64DC24E28460B0D0063B8CF /* Project object */;
}
